
Microsoft Visual Studio Solution File, Format Version 12.00
# Visual Studio 15
VisualStudioVersion = 15.0.26730.16
MinimumVisualStudioVersion = 10.0.40219.1
Project("{FAE04EC0-301F-11D3-BF4B-00C04F79EFBC}") = "CountWorkingDays", "CountWorkingDays\CountWorkingDays.csproj", "{95BFF21E-53A3-46FD-BBF6-15340FCF6BD0}"
EndProject
Project("{FAE04EC0-301F-11D3-BF4B-00C04F79EFBC}") = "AdvertisementMessage", "AdvertisementMessage\AdvertisementMessage.csproj", "{24608FC6-9F6F-4F4E-BB6D-5046CEA1A9CC}"
EndProject
Project("{FAE04EC0-301F-11D3-BF4B-00C04F79EFBC}") = "IntersectionOfCycles", "IntersectionOfCycles\IntersectionOfCycles.csproj", "{0CC32130-4FE4-4B18-9005-CCC8AC3FE411}"
EndProject
Project("{FAE04EC0-301F-11D3-BF4B-00C04F79EFBC}") = "AverageGrades", "AverageGrades\AverageGrades.csproj", "{9A43FF17-8641-4BEC-9F8A-1BE3D2E002FA}"
EndProject
Project("{FAE04EC0-301F-11D3-BF4B-00C04F79EFBC}") = "BookLibrary", "BookLibrary\BookLibrary.csproj", "{4A94DBB0-A2C9-467C-BBDC-6B7256625632}"
EndProject
Global
	GlobalSection(SolutionConfigurationPlatforms) = preSolution
		Debug|Any CPU = Debug|Any CPU
		Release|Any CPU = Release|Any CPU
	EndGlobalSection
	GlobalSection(ProjectConfigurationPlatforms) = postSolution
		{95BFF21E-53A3-46FD-BBF6-15340FCF6BD0}.Debug|Any CPU.ActiveCfg = Debug|Any CPU
		{95BFF21E-53A3-46FD-BBF6-15340FCF6BD0}.Debug|Any CPU.Build.0 = Debug|Any CPU
		{95BFF21E-53A3-46FD-BBF6-15340FCF6BD0}.Release|Any CPU.ActiveCfg = Release|Any CPU
		{95BFF21E-53A3-46FD-BBF6-15340FCF6BD0}.Release|Any CPU.Build.0 = Release|Any CPU
		{24608FC6-9F6F-4F4E-BB6D-5046CEA1A9CC}.Debug|Any CPU.ActiveCfg = Debug|Any CPU
		{24608FC6-9F6F-4F4E-BB6D-5046CEA1A9CC}.Debug|Any CPU.Build.0 = Debug|Any CPU
		{24608FC6-9F6F-4F4E-BB6D-5046CEA1A9CC}.Release|Any CPU.ActiveCfg = Release|Any CPU
		{24608FC6-9F6F-4F4E-BB6D-5046CEA1A9CC}.Release|Any CPU.Build.0 = Release|Any CPU
		{0CC32130-4FE4-4B18-9005-CCC8AC3FE411}.Debug|Any CPU.ActiveCfg = Debug|Any CPU
		{0CC32130-4FE4-4B18-9005-CCC8AC3FE411}.Debug|Any CPU.Build.0 = Debug|Any CPU
		{0CC32130-4FE4-4B18-9005-CCC8AC3FE411}.Release|Any CPU.ActiveCfg = Release|Any CPU
		{0CC32130-4FE4-4B18-9005-CCC8AC3FE411}.Release|Any CPU.Build.0 = Release|Any CPU
		{9A43FF17-8641-4BEC-9F8A-1BE3D2E002FA}.Debug|Any CPU.ActiveCfg = Debug|Any CPU
		{9A43FF17-8641-4BEC-9F8A-1BE3D2E002FA}.Debug|Any CPU.Build.0 = Debug|Any CPU
		{9A43FF17-8641-4BEC-9F8A-1BE3D2E002FA}.Release|Any CPU.ActiveCfg = Release|Any CPU
		{9A43FF17-8641-4BEC-9F8A-1BE3D2E002FA}.Release|Any CPU.Build.0 = Release|Any CPU
		{4A94DBB0-A2C9-467C-BBDC-6B7256625632}.Debug|Any CPU.ActiveCfg = Debug|Any CPU
		{4A94DBB0-A2C9-467C-BBDC-6B7256625632}.Debug|Any CPU.Build.0 = Debug|Any CPU
		{4A94DBB0-A2C9-467C-BBDC-6B7256625632}.Release|Any CPU.ActiveCfg = Release|Any CPU
		{4A94DBB0-A2C9-467C-BBDC-6B7256625632}.Release|Any CPU.Build.0 = Release|Any CPU
	EndGlobalSection
	GlobalSection(SolutionProperties) = preSolution
		HideSolutionNode = FALSE
	EndGlobalSection
	GlobalSection(ExtensibilityGlobals) = postSolution
		SolutionGuid = {5E2CD544-E4C7-4115-B546-D682C7B603B5}
	EndGlobalSection
EndGlobal
