
Microsoft Visual Studio Solution File, Format Version 12.00
# Visual Studio 15
VisualStudioVersion = 15.0.26730.16
MinimumVisualStudioVersion = 10.0.40219.1
Project("{FAE04EC0-301F-11D3-BF4B-00C04F79EFBC}") = "ConvertFromBase10", "ConvertFromBase10\ConvertFromBase10.csproj", "{D00F4595-BA75-4D73-8E98-3FCFD097DCD9}"
EndProject
Project("{FAE04EC0-301F-11D3-BF4B-00C04F79EFBC}") = "Unicode", "Unicode\Unicode.csproj", "{F2C6B942-EA76-4AA7-A2CC-3DEA3ABA9843}"
EndProject
Project("{FAE04EC0-301F-11D3-BF4B-00C04F79EFBC}") = "CharacterMultiplier", "CharacterMultiplier\CharacterMultiplier.csproj", "{EF4B9B6C-5D61-48A0-A35C-CB1AE9497464}"
EndProject
Project("{FAE04EC0-301F-11D3-BF4B-00C04F79EFBC}") = "MagicExchangableWords", "MagicExchangableWords\MagicExchangableWords.csproj", "{13BE706A-8138-402D-8415-7D437C07B4CA}"
EndProject
Project("{FAE04EC0-301F-11D3-BF4B-00C04F79EFBC}") = "SumBigNumbers", "SumBigNumbers\SumBigNumbers.csproj", "{79D02845-22C8-475D-A38D-23DE18B73C1F}"
EndProject
Global
	GlobalSection(SolutionConfigurationPlatforms) = preSolution
		Debug|Any CPU = Debug|Any CPU
		Release|Any CPU = Release|Any CPU
	EndGlobalSection
	GlobalSection(ProjectConfigurationPlatforms) = postSolution
		{D00F4595-BA75-4D73-8E98-3FCFD097DCD9}.Debug|Any CPU.ActiveCfg = Debug|Any CPU
		{D00F4595-BA75-4D73-8E98-3FCFD097DCD9}.Debug|Any CPU.Build.0 = Debug|Any CPU
		{D00F4595-BA75-4D73-8E98-3FCFD097DCD9}.Release|Any CPU.ActiveCfg = Release|Any CPU
		{D00F4595-BA75-4D73-8E98-3FCFD097DCD9}.Release|Any CPU.Build.0 = Release|Any CPU
		{F2C6B942-EA76-4AA7-A2CC-3DEA3ABA9843}.Debug|Any CPU.ActiveCfg = Debug|Any CPU
		{F2C6B942-EA76-4AA7-A2CC-3DEA3ABA9843}.Debug|Any CPU.Build.0 = Debug|Any CPU
		{F2C6B942-EA76-4AA7-A2CC-3DEA3ABA9843}.Release|Any CPU.ActiveCfg = Release|Any CPU
		{F2C6B942-EA76-4AA7-A2CC-3DEA3ABA9843}.Release|Any CPU.Build.0 = Release|Any CPU
		{EF4B9B6C-5D61-48A0-A35C-CB1AE9497464}.Debug|Any CPU.ActiveCfg = Debug|Any CPU
		{EF4B9B6C-5D61-48A0-A35C-CB1AE9497464}.Debug|Any CPU.Build.0 = Debug|Any CPU
		{EF4B9B6C-5D61-48A0-A35C-CB1AE9497464}.Release|Any CPU.ActiveCfg = Release|Any CPU
		{EF4B9B6C-5D61-48A0-A35C-CB1AE9497464}.Release|Any CPU.Build.0 = Release|Any CPU
		{13BE706A-8138-402D-8415-7D437C07B4CA}.Debug|Any CPU.ActiveCfg = Debug|Any CPU
		{13BE706A-8138-402D-8415-7D437C07B4CA}.Debug|Any CPU.Build.0 = Debug|Any CPU
		{13BE706A-8138-402D-8415-7D437C07B4CA}.Release|Any CPU.ActiveCfg = Release|Any CPU
		{13BE706A-8138-402D-8415-7D437C07B4CA}.Release|Any CPU.Build.0 = Release|Any CPU
		{79D02845-22C8-475D-A38D-23DE18B73C1F}.Debug|Any CPU.ActiveCfg = Debug|Any CPU
		{79D02845-22C8-475D-A38D-23DE18B73C1F}.Debug|Any CPU.Build.0 = Debug|Any CPU
		{79D02845-22C8-475D-A38D-23DE18B73C1F}.Release|Any CPU.ActiveCfg = Release|Any CPU
		{79D02845-22C8-475D-A38D-23DE18B73C1F}.Release|Any CPU.Build.0 = Release|Any CPU
	EndGlobalSection
	GlobalSection(SolutionProperties) = preSolution
		HideSolutionNode = FALSE
	EndGlobalSection
	GlobalSection(ExtensibilityGlobals) = postSolution
		SolutionGuid = {661AF0E7-496D-485A-BD20-322C82370F3A}
	EndGlobalSection
EndGlobal
