
Microsoft Visual Studio Solution File, Format Version 12.00
# Visual Studio 15
VisualStudioVersion = 15.0.26430.16
MinimumVisualStudioVersion = 10.0.40219.1
Project("{FAE04EC0-301F-11D3-BF4B-00C04F79EFBC}") = "ChooseADrink", "ChooseADrink\ChooseADrink.csproj", "{3240DB62-B957-4499-9073-FA7BE5732FF6}"
EndProject
Project("{FAE04EC0-301F-11D3-BF4B-00C04F79EFBC}") = "ChooseADrink2.0", "ChooseADrink2.0\ChooseADrink2.0.csproj", "{C16424AF-764C-4127-98DE-19FF49FB3F45}"
EndProject
Project("{FAE04EC0-301F-11D3-BF4B-00C04F79EFBC}") = "RestaurantDiscount", "RestaurantDiscount\RestaurantDiscount.csproj", "{DEB7E1CF-26A4-4107-9955-83E88C89E343}"
EndProject
Project("{FAE04EC0-301F-11D3-BF4B-00C04F79EFBC}") = "Hotel", "Hotel\Hotel.csproj", "{8E3A67C6-75AF-4E87-A37D-AEBD259927A3}"
EndProject
Project("{FAE04EC0-301F-11D3-BF4B-00C04F79EFBC}") = "WordInPlural", "WordInPlural\WordInPlural.csproj", "{F5A7ABE6-61D9-431E-8BCE-901EA4A98A80}"
EndProject
Project("{FAE04EC0-301F-11D3-BF4B-00C04F79EFBC}") = "IntervalOfNumbers", "IntervalOfNumbers\IntervalOfNumbers.csproj", "{80415944-A312-4D40-B747-8388A5041281}"
EndProject
Project("{FAE04EC0-301F-11D3-BF4B-00C04F79EFBC}") = "CakeIngredients", "CakeIngredients\CakeIngredients.csproj", "{F0AAD11B-32B9-41CC-8AF5-46A982E20BC6}"
EndProject
Project("{FAE04EC0-301F-11D3-BF4B-00C04F79EFBC}") = "CaloriesCounter", "CaloriesCounter\CaloriesCounter.csproj", "{1333CAC9-4716-422B-B550-DA018C114A70}"
EndProject
Project("{FAE04EC0-301F-11D3-BF4B-00C04F79EFBC}") = "CountTheIntegers", "CountTheIntegers\CountTheIntegers.csproj", "{DCF8B93E-73B3-4310-B933-88FAFC62512E}"
EndProject
Global
	GlobalSection(SolutionConfigurationPlatforms) = preSolution
		Debug|Any CPU = Debug|Any CPU
		Release|Any CPU = Release|Any CPU
	EndGlobalSection
	GlobalSection(ProjectConfigurationPlatforms) = postSolution
		{3240DB62-B957-4499-9073-FA7BE5732FF6}.Debug|Any CPU.ActiveCfg = Debug|Any CPU
		{3240DB62-B957-4499-9073-FA7BE5732FF6}.Debug|Any CPU.Build.0 = Debug|Any CPU
		{3240DB62-B957-4499-9073-FA7BE5732FF6}.Release|Any CPU.ActiveCfg = Release|Any CPU
		{3240DB62-B957-4499-9073-FA7BE5732FF6}.Release|Any CPU.Build.0 = Release|Any CPU
		{C16424AF-764C-4127-98DE-19FF49FB3F45}.Debug|Any CPU.ActiveCfg = Debug|Any CPU
		{C16424AF-764C-4127-98DE-19FF49FB3F45}.Debug|Any CPU.Build.0 = Debug|Any CPU
		{C16424AF-764C-4127-98DE-19FF49FB3F45}.Release|Any CPU.ActiveCfg = Release|Any CPU
		{C16424AF-764C-4127-98DE-19FF49FB3F45}.Release|Any CPU.Build.0 = Release|Any CPU
		{DEB7E1CF-26A4-4107-9955-83E88C89E343}.Debug|Any CPU.ActiveCfg = Debug|Any CPU
		{DEB7E1CF-26A4-4107-9955-83E88C89E343}.Debug|Any CPU.Build.0 = Debug|Any CPU
		{DEB7E1CF-26A4-4107-9955-83E88C89E343}.Release|Any CPU.ActiveCfg = Release|Any CPU
		{DEB7E1CF-26A4-4107-9955-83E88C89E343}.Release|Any CPU.Build.0 = Release|Any CPU
		{8E3A67C6-75AF-4E87-A37D-AEBD259927A3}.Debug|Any CPU.ActiveCfg = Debug|Any CPU
		{8E3A67C6-75AF-4E87-A37D-AEBD259927A3}.Debug|Any CPU.Build.0 = Debug|Any CPU
		{8E3A67C6-75AF-4E87-A37D-AEBD259927A3}.Release|Any CPU.ActiveCfg = Release|Any CPU
		{8E3A67C6-75AF-4E87-A37D-AEBD259927A3}.Release|Any CPU.Build.0 = Release|Any CPU
		{F5A7ABE6-61D9-431E-8BCE-901EA4A98A80}.Debug|Any CPU.ActiveCfg = Debug|Any CPU
		{F5A7ABE6-61D9-431E-8BCE-901EA4A98A80}.Debug|Any CPU.Build.0 = Debug|Any CPU
		{F5A7ABE6-61D9-431E-8BCE-901EA4A98A80}.Release|Any CPU.ActiveCfg = Release|Any CPU
		{F5A7ABE6-61D9-431E-8BCE-901EA4A98A80}.Release|Any CPU.Build.0 = Release|Any CPU
		{80415944-A312-4D40-B747-8388A5041281}.Debug|Any CPU.ActiveCfg = Debug|Any CPU
		{80415944-A312-4D40-B747-8388A5041281}.Debug|Any CPU.Build.0 = Debug|Any CPU
		{80415944-A312-4D40-B747-8388A5041281}.Release|Any CPU.ActiveCfg = Release|Any CPU
		{80415944-A312-4D40-B747-8388A5041281}.Release|Any CPU.Build.0 = Release|Any CPU
		{F0AAD11B-32B9-41CC-8AF5-46A982E20BC6}.Debug|Any CPU.ActiveCfg = Debug|Any CPU
		{F0AAD11B-32B9-41CC-8AF5-46A982E20BC6}.Debug|Any CPU.Build.0 = Debug|Any CPU
		{F0AAD11B-32B9-41CC-8AF5-46A982E20BC6}.Release|Any CPU.ActiveCfg = Release|Any CPU
		{F0AAD11B-32B9-41CC-8AF5-46A982E20BC6}.Release|Any CPU.Build.0 = Release|Any CPU
		{1333CAC9-4716-422B-B550-DA018C114A70}.Debug|Any CPU.ActiveCfg = Debug|Any CPU
		{1333CAC9-4716-422B-B550-DA018C114A70}.Debug|Any CPU.Build.0 = Debug|Any CPU
		{1333CAC9-4716-422B-B550-DA018C114A70}.Release|Any CPU.ActiveCfg = Release|Any CPU
		{1333CAC9-4716-422B-B550-DA018C114A70}.Release|Any CPU.Build.0 = Release|Any CPU
		{DCF8B93E-73B3-4310-B933-88FAFC62512E}.Debug|Any CPU.ActiveCfg = Debug|Any CPU
		{DCF8B93E-73B3-4310-B933-88FAFC62512E}.Debug|Any CPU.Build.0 = Debug|Any CPU
		{DCF8B93E-73B3-4310-B933-88FAFC62512E}.Release|Any CPU.ActiveCfg = Release|Any CPU
		{DCF8B93E-73B3-4310-B933-88FAFC62512E}.Release|Any CPU.Build.0 = Release|Any CPU
	EndGlobalSection
	GlobalSection(SolutionProperties) = preSolution
		HideSolutionNode = FALSE
	EndGlobalSection
EndGlobal
