
Microsoft Visual Studio Solution File, Format Version 12.00
# Visual Studio 15
VisualStudioVersion = 15.0.26730.16
MinimumVisualStudioVersion = 10.0.40219.1
Project("{FAE04EC0-301F-11D3-BF4B-00C04F79EFBC}") = "EnglishNameOfLastDigit", "EnglishNameOfLastDigit\EnglishNameOfLastDigit.csproj", "{B38ACBA3-FE05-4DD0-9568-27FED7D0137C}"
EndProject
Project("{FAE04EC0-301F-11D3-BF4B-00C04F79EFBC}") = "NumbersInReversedOrder", "NumbersInReversedOrder\NumbersInReversedOrder.csproj", "{B29468B5-8A0B-49B9-B24E-B7C147B6C8DC}"
EndProject
Project("{FAE04EC0-301F-11D3-BF4B-00C04F79EFBC}") = "FibonacciNumbers", "FibonacciNumbers\FibonacciNumbers.csproj", "{A6C762EA-68C0-45AF-9CA7-5B8F70677918}"
EndProject
Project("{FAE04EC0-301F-11D3-BF4B-00C04F79EFBC}") = "PrimeChecker", "PrimeChecker\PrimeChecker.csproj", "{A6067EC8-9BCF-42B8-8AEF-E4AD30A06D82}"
EndProject
Project("{FAE04EC0-301F-11D3-BF4B-00C04F79EFBC}") = "PrimesInGivenRange", "PrimesInGivenRange\PrimesInGivenRange.csproj", "{56F178C1-8366-4594-828C-C25FF10855E6}"
EndProject
Project("{FAE04EC0-301F-11D3-BF4B-00C04F79EFBC}") = "CenterPoing", "CenterPoing\CenterPoing.csproj", "{45DEF04B-9AB1-4B30-BA80-847240E0CD21}"
EndProject
Project("{FAE04EC0-301F-11D3-BF4B-00C04F79EFBC}") = "LongerLine", "LongerLine\LongerLine.csproj", "{1B7CEDF0-2812-4822-AF36-E6167CDCC98D}"
EndProject
Project("{FAE04EC0-301F-11D3-BF4B-00C04F79EFBC}") = "CubeProperties", "CubeProperties\CubeProperties.csproj", "{FC25D9CC-65B7-4E11-A867-6022AB1B6AEF}"
EndProject
Global
	GlobalSection(SolutionConfigurationPlatforms) = preSolution
		Debug|Any CPU = Debug|Any CPU
		Debug|ARM = Debug|ARM
		Debug|x64 = Debug|x64
		Debug|x86 = Debug|x86
		Release|Any CPU = Release|Any CPU
		Release|ARM = Release|ARM
		Release|x64 = Release|x64
		Release|x86 = Release|x86
	EndGlobalSection
	GlobalSection(ProjectConfigurationPlatforms) = postSolution
		{B38ACBA3-FE05-4DD0-9568-27FED7D0137C}.Debug|Any CPU.ActiveCfg = Debug|Any CPU
		{B38ACBA3-FE05-4DD0-9568-27FED7D0137C}.Debug|Any CPU.Build.0 = Debug|Any CPU
		{B38ACBA3-FE05-4DD0-9568-27FED7D0137C}.Debug|ARM.ActiveCfg = Debug|Any CPU
		{B38ACBA3-FE05-4DD0-9568-27FED7D0137C}.Debug|ARM.Build.0 = Debug|Any CPU
		{B38ACBA3-FE05-4DD0-9568-27FED7D0137C}.Debug|x64.ActiveCfg = Debug|Any CPU
		{B38ACBA3-FE05-4DD0-9568-27FED7D0137C}.Debug|x64.Build.0 = Debug|Any CPU
		{B38ACBA3-FE05-4DD0-9568-27FED7D0137C}.Debug|x86.ActiveCfg = Debug|Any CPU
		{B38ACBA3-FE05-4DD0-9568-27FED7D0137C}.Debug|x86.Build.0 = Debug|Any CPU
		{B38ACBA3-FE05-4DD0-9568-27FED7D0137C}.Release|Any CPU.ActiveCfg = Release|Any CPU
		{B38ACBA3-FE05-4DD0-9568-27FED7D0137C}.Release|Any CPU.Build.0 = Release|Any CPU
		{B38ACBA3-FE05-4DD0-9568-27FED7D0137C}.Release|ARM.ActiveCfg = Release|Any CPU
		{B38ACBA3-FE05-4DD0-9568-27FED7D0137C}.Release|ARM.Build.0 = Release|Any CPU
		{B38ACBA3-FE05-4DD0-9568-27FED7D0137C}.Release|x64.ActiveCfg = Release|Any CPU
		{B38ACBA3-FE05-4DD0-9568-27FED7D0137C}.Release|x64.Build.0 = Release|Any CPU
		{B38ACBA3-FE05-4DD0-9568-27FED7D0137C}.Release|x86.ActiveCfg = Release|Any CPU
		{B38ACBA3-FE05-4DD0-9568-27FED7D0137C}.Release|x86.Build.0 = Release|Any CPU
		{B29468B5-8A0B-49B9-B24E-B7C147B6C8DC}.Debug|Any CPU.ActiveCfg = Debug|Any CPU
		{B29468B5-8A0B-49B9-B24E-B7C147B6C8DC}.Debug|Any CPU.Build.0 = Debug|Any CPU
		{B29468B5-8A0B-49B9-B24E-B7C147B6C8DC}.Debug|ARM.ActiveCfg = Debug|Any CPU
		{B29468B5-8A0B-49B9-B24E-B7C147B6C8DC}.Debug|ARM.Build.0 = Debug|Any CPU
		{B29468B5-8A0B-49B9-B24E-B7C147B6C8DC}.Debug|x64.ActiveCfg = Debug|Any CPU
		{B29468B5-8A0B-49B9-B24E-B7C147B6C8DC}.Debug|x64.Build.0 = Debug|Any CPU
		{B29468B5-8A0B-49B9-B24E-B7C147B6C8DC}.Debug|x86.ActiveCfg = Debug|Any CPU
		{B29468B5-8A0B-49B9-B24E-B7C147B6C8DC}.Debug|x86.Build.0 = Debug|Any CPU
		{B29468B5-8A0B-49B9-B24E-B7C147B6C8DC}.Release|Any CPU.ActiveCfg = Release|Any CPU
		{B29468B5-8A0B-49B9-B24E-B7C147B6C8DC}.Release|Any CPU.Build.0 = Release|Any CPU
		{B29468B5-8A0B-49B9-B24E-B7C147B6C8DC}.Release|ARM.ActiveCfg = Release|Any CPU
		{B29468B5-8A0B-49B9-B24E-B7C147B6C8DC}.Release|ARM.Build.0 = Release|Any CPU
		{B29468B5-8A0B-49B9-B24E-B7C147B6C8DC}.Release|x64.ActiveCfg = Release|Any CPU
		{B29468B5-8A0B-49B9-B24E-B7C147B6C8DC}.Release|x64.Build.0 = Release|Any CPU
		{B29468B5-8A0B-49B9-B24E-B7C147B6C8DC}.Release|x86.ActiveCfg = Release|Any CPU
		{B29468B5-8A0B-49B9-B24E-B7C147B6C8DC}.Release|x86.Build.0 = Release|Any CPU
		{A6C762EA-68C0-45AF-9CA7-5B8F70677918}.Debug|Any CPU.ActiveCfg = Debug|Any CPU
		{A6C762EA-68C0-45AF-9CA7-5B8F70677918}.Debug|Any CPU.Build.0 = Debug|Any CPU
		{A6C762EA-68C0-45AF-9CA7-5B8F70677918}.Debug|ARM.ActiveCfg = Debug|Any CPU
		{A6C762EA-68C0-45AF-9CA7-5B8F70677918}.Debug|ARM.Build.0 = Debug|Any CPU
		{A6C762EA-68C0-45AF-9CA7-5B8F70677918}.Debug|x64.ActiveCfg = Debug|Any CPU
		{A6C762EA-68C0-45AF-9CA7-5B8F70677918}.Debug|x64.Build.0 = Debug|Any CPU
		{A6C762EA-68C0-45AF-9CA7-5B8F70677918}.Debug|x86.ActiveCfg = Debug|Any CPU
		{A6C762EA-68C0-45AF-9CA7-5B8F70677918}.Debug|x86.Build.0 = Debug|Any CPU
		{A6C762EA-68C0-45AF-9CA7-5B8F70677918}.Release|Any CPU.ActiveCfg = Release|Any CPU
		{A6C762EA-68C0-45AF-9CA7-5B8F70677918}.Release|Any CPU.Build.0 = Release|Any CPU
		{A6C762EA-68C0-45AF-9CA7-5B8F70677918}.Release|ARM.ActiveCfg = Release|Any CPU
		{A6C762EA-68C0-45AF-9CA7-5B8F70677918}.Release|ARM.Build.0 = Release|Any CPU
		{A6C762EA-68C0-45AF-9CA7-5B8F70677918}.Release|x64.ActiveCfg = Release|Any CPU
		{A6C762EA-68C0-45AF-9CA7-5B8F70677918}.Release|x64.Build.0 = Release|Any CPU
		{A6C762EA-68C0-45AF-9CA7-5B8F70677918}.Release|x86.ActiveCfg = Release|Any CPU
		{A6C762EA-68C0-45AF-9CA7-5B8F70677918}.Release|x86.Build.0 = Release|Any CPU
		{A6067EC8-9BCF-42B8-8AEF-E4AD30A06D82}.Debug|Any CPU.ActiveCfg = Debug|Any CPU
		{A6067EC8-9BCF-42B8-8AEF-E4AD30A06D82}.Debug|Any CPU.Build.0 = Debug|Any CPU
		{A6067EC8-9BCF-42B8-8AEF-E4AD30A06D82}.Debug|ARM.ActiveCfg = Debug|Any CPU
		{A6067EC8-9BCF-42B8-8AEF-E4AD30A06D82}.Debug|ARM.Build.0 = Debug|Any CPU
		{A6067EC8-9BCF-42B8-8AEF-E4AD30A06D82}.Debug|x64.ActiveCfg = Debug|Any CPU
		{A6067EC8-9BCF-42B8-8AEF-E4AD30A06D82}.Debug|x64.Build.0 = Debug|Any CPU
		{A6067EC8-9BCF-42B8-8AEF-E4AD30A06D82}.Debug|x86.ActiveCfg = Debug|Any CPU
		{A6067EC8-9BCF-42B8-8AEF-E4AD30A06D82}.Debug|x86.Build.0 = Debug|Any CPU
		{A6067EC8-9BCF-42B8-8AEF-E4AD30A06D82}.Release|Any CPU.ActiveCfg = Release|Any CPU
		{A6067EC8-9BCF-42B8-8AEF-E4AD30A06D82}.Release|Any CPU.Build.0 = Release|Any CPU
		{A6067EC8-9BCF-42B8-8AEF-E4AD30A06D82}.Release|ARM.ActiveCfg = Release|Any CPU
		{A6067EC8-9BCF-42B8-8AEF-E4AD30A06D82}.Release|ARM.Build.0 = Release|Any CPU
		{A6067EC8-9BCF-42B8-8AEF-E4AD30A06D82}.Release|x64.ActiveCfg = Release|Any CPU
		{A6067EC8-9BCF-42B8-8AEF-E4AD30A06D82}.Release|x64.Build.0 = Release|Any CPU
		{A6067EC8-9BCF-42B8-8AEF-E4AD30A06D82}.Release|x86.ActiveCfg = Release|Any CPU
		{A6067EC8-9BCF-42B8-8AEF-E4AD30A06D82}.Release|x86.Build.0 = Release|Any CPU
		{56F178C1-8366-4594-828C-C25FF10855E6}.Debug|Any CPU.ActiveCfg = Debug|Any CPU
		{56F178C1-8366-4594-828C-C25FF10855E6}.Debug|Any CPU.Build.0 = Debug|Any CPU
		{56F178C1-8366-4594-828C-C25FF10855E6}.Debug|ARM.ActiveCfg = Debug|Any CPU
		{56F178C1-8366-4594-828C-C25FF10855E6}.Debug|ARM.Build.0 = Debug|Any CPU
		{56F178C1-8366-4594-828C-C25FF10855E6}.Debug|x64.ActiveCfg = Debug|Any CPU
		{56F178C1-8366-4594-828C-C25FF10855E6}.Debug|x64.Build.0 = Debug|Any CPU
		{56F178C1-8366-4594-828C-C25FF10855E6}.Debug|x86.ActiveCfg = Debug|Any CPU
		{56F178C1-8366-4594-828C-C25FF10855E6}.Debug|x86.Build.0 = Debug|Any CPU
		{56F178C1-8366-4594-828C-C25FF10855E6}.Release|Any CPU.ActiveCfg = Release|Any CPU
		{56F178C1-8366-4594-828C-C25FF10855E6}.Release|Any CPU.Build.0 = Release|Any CPU
		{56F178C1-8366-4594-828C-C25FF10855E6}.Release|ARM.ActiveCfg = Release|Any CPU
		{56F178C1-8366-4594-828C-C25FF10855E6}.Release|ARM.Build.0 = Release|Any CPU
		{56F178C1-8366-4594-828C-C25FF10855E6}.Release|x64.ActiveCfg = Release|Any CPU
		{56F178C1-8366-4594-828C-C25FF10855E6}.Release|x64.Build.0 = Release|Any CPU
		{56F178C1-8366-4594-828C-C25FF10855E6}.Release|x86.ActiveCfg = Release|Any CPU
		{56F178C1-8366-4594-828C-C25FF10855E6}.Release|x86.Build.0 = Release|Any CPU
		{45DEF04B-9AB1-4B30-BA80-847240E0CD21}.Debug|Any CPU.ActiveCfg = Debug|Any CPU
		{45DEF04B-9AB1-4B30-BA80-847240E0CD21}.Debug|Any CPU.Build.0 = Debug|Any CPU
		{45DEF04B-9AB1-4B30-BA80-847240E0CD21}.Debug|ARM.ActiveCfg = Debug|Any CPU
		{45DEF04B-9AB1-4B30-BA80-847240E0CD21}.Debug|ARM.Build.0 = Debug|Any CPU
		{45DEF04B-9AB1-4B30-BA80-847240E0CD21}.Debug|x64.ActiveCfg = Debug|Any CPU
		{45DEF04B-9AB1-4B30-BA80-847240E0CD21}.Debug|x64.Build.0 = Debug|Any CPU
		{45DEF04B-9AB1-4B30-BA80-847240E0CD21}.Debug|x86.ActiveCfg = Debug|Any CPU
		{45DEF04B-9AB1-4B30-BA80-847240E0CD21}.Debug|x86.Build.0 = Debug|Any CPU
		{45DEF04B-9AB1-4B30-BA80-847240E0CD21}.Release|Any CPU.ActiveCfg = Release|Any CPU
		{45DEF04B-9AB1-4B30-BA80-847240E0CD21}.Release|Any CPU.Build.0 = Release|Any CPU
		{45DEF04B-9AB1-4B30-BA80-847240E0CD21}.Release|ARM.ActiveCfg = Release|Any CPU
		{45DEF04B-9AB1-4B30-BA80-847240E0CD21}.Release|ARM.Build.0 = Release|Any CPU
		{45DEF04B-9AB1-4B30-BA80-847240E0CD21}.Release|x64.ActiveCfg = Release|Any CPU
		{45DEF04B-9AB1-4B30-BA80-847240E0CD21}.Release|x64.Build.0 = Release|Any CPU
		{45DEF04B-9AB1-4B30-BA80-847240E0CD21}.Release|x86.ActiveCfg = Release|Any CPU
		{45DEF04B-9AB1-4B30-BA80-847240E0CD21}.Release|x86.Build.0 = Release|Any CPU
		{1B7CEDF0-2812-4822-AF36-E6167CDCC98D}.Debug|Any CPU.ActiveCfg = Debug|Any CPU
		{1B7CEDF0-2812-4822-AF36-E6167CDCC98D}.Debug|Any CPU.Build.0 = Debug|Any CPU
		{1B7CEDF0-2812-4822-AF36-E6167CDCC98D}.Debug|ARM.ActiveCfg = Debug|Any CPU
		{1B7CEDF0-2812-4822-AF36-E6167CDCC98D}.Debug|ARM.Build.0 = Debug|Any CPU
		{1B7CEDF0-2812-4822-AF36-E6167CDCC98D}.Debug|x64.ActiveCfg = Debug|Any CPU
		{1B7CEDF0-2812-4822-AF36-E6167CDCC98D}.Debug|x64.Build.0 = Debug|Any CPU
		{1B7CEDF0-2812-4822-AF36-E6167CDCC98D}.Debug|x86.ActiveCfg = Debug|Any CPU
		{1B7CEDF0-2812-4822-AF36-E6167CDCC98D}.Debug|x86.Build.0 = Debug|Any CPU
		{1B7CEDF0-2812-4822-AF36-E6167CDCC98D}.Release|Any CPU.ActiveCfg = Release|Any CPU
		{1B7CEDF0-2812-4822-AF36-E6167CDCC98D}.Release|Any CPU.Build.0 = Release|Any CPU
		{1B7CEDF0-2812-4822-AF36-E6167CDCC98D}.Release|ARM.ActiveCfg = Release|Any CPU
		{1B7CEDF0-2812-4822-AF36-E6167CDCC98D}.Release|ARM.Build.0 = Release|Any CPU
		{1B7CEDF0-2812-4822-AF36-E6167CDCC98D}.Release|x64.ActiveCfg = Release|Any CPU
		{1B7CEDF0-2812-4822-AF36-E6167CDCC98D}.Release|x64.Build.0 = Release|Any CPU
		{1B7CEDF0-2812-4822-AF36-E6167CDCC98D}.Release|x86.ActiveCfg = Release|Any CPU
		{1B7CEDF0-2812-4822-AF36-E6167CDCC98D}.Release|x86.Build.0 = Release|Any CPU
		{FC25D9CC-65B7-4E11-A867-6022AB1B6AEF}.Debug|Any CPU.ActiveCfg = Debug|Any CPU
		{FC25D9CC-65B7-4E11-A867-6022AB1B6AEF}.Debug|Any CPU.Build.0 = Debug|Any CPU
		{FC25D9CC-65B7-4E11-A867-6022AB1B6AEF}.Debug|ARM.ActiveCfg = Debug|Any CPU
		{FC25D9CC-65B7-4E11-A867-6022AB1B6AEF}.Debug|ARM.Build.0 = Debug|Any CPU
		{FC25D9CC-65B7-4E11-A867-6022AB1B6AEF}.Debug|x64.ActiveCfg = Debug|Any CPU
		{FC25D9CC-65B7-4E11-A867-6022AB1B6AEF}.Debug|x64.Build.0 = Debug|Any CPU
		{FC25D9CC-65B7-4E11-A867-6022AB1B6AEF}.Debug|x86.ActiveCfg = Debug|Any CPU
		{FC25D9CC-65B7-4E11-A867-6022AB1B6AEF}.Debug|x86.Build.0 = Debug|Any CPU
		{FC25D9CC-65B7-4E11-A867-6022AB1B6AEF}.Release|Any CPU.ActiveCfg = Release|Any CPU
		{FC25D9CC-65B7-4E11-A867-6022AB1B6AEF}.Release|Any CPU.Build.0 = Release|Any CPU
		{FC25D9CC-65B7-4E11-A867-6022AB1B6AEF}.Release|ARM.ActiveCfg = Release|Any CPU
		{FC25D9CC-65B7-4E11-A867-6022AB1B6AEF}.Release|ARM.Build.0 = Release|Any CPU
		{FC25D9CC-65B7-4E11-A867-6022AB1B6AEF}.Release|x64.ActiveCfg = Release|Any CPU
		{FC25D9CC-65B7-4E11-A867-6022AB1B6AEF}.Release|x64.Build.0 = Release|Any CPU
		{FC25D9CC-65B7-4E11-A867-6022AB1B6AEF}.Release|x86.ActiveCfg = Release|Any CPU
		{FC25D9CC-65B7-4E11-A867-6022AB1B6AEF}.Release|x86.Build.0 = Release|Any CPU
	EndGlobalSection
	GlobalSection(SolutionProperties) = preSolution
		HideSolutionNode = FALSE
	EndGlobalSection
	GlobalSection(ExtensibilityGlobals) = postSolution
		SolutionGuid = {CB8553FF-CAC7-4832-9C35-92506CB1F8D4}
	EndGlobalSection
EndGlobal
