
Microsoft Visual Studio Solution File, Format Version 12.00
# Visual Studio 15
VisualStudioVersion = 15.0.26730.16
MinimumVisualStudioVersion = 10.0.40219.1
Project("{FAE04EC0-301F-11D3-BF4B-00C04F79EFBC}") = "SinoTheWalker", "SinoTheWalker\SinoTheWalker.csproj", "{DAB34355-FF06-4C97-AB1F-AF4CA16438B3}"
EndProject
Project("{FAE04EC0-301F-11D3-BF4B-00C04F79EFBC}") = "SoftUniKaraoke", "SoftUniKaraoke\SoftUniKaraoke.csproj", "{E47F7422-01AE-4B6D-BC6B-F3957987B7DA}"
EndProject
Global
	GlobalSection(SolutionConfigurationPlatforms) = preSolution
		Debug|Any CPU = Debug|Any CPU
		Release|Any CPU = Release|Any CPU
	EndGlobalSection
	GlobalSection(ProjectConfigurationPlatforms) = postSolution
		{DAB34355-FF06-4C97-AB1F-AF4CA16438B3}.Debug|Any CPU.ActiveCfg = Debug|Any CPU
		{DAB34355-FF06-4C97-AB1F-AF4CA16438B3}.Debug|Any CPU.Build.0 = Debug|Any CPU
		{DAB34355-FF06-4C97-AB1F-AF4CA16438B3}.Release|Any CPU.ActiveCfg = Release|Any CPU
		{DAB34355-FF06-4C97-AB1F-AF4CA16438B3}.Release|Any CPU.Build.0 = Release|Any CPU
		{E47F7422-01AE-4B6D-BC6B-F3957987B7DA}.Debug|Any CPU.ActiveCfg = Debug|Any CPU
		{E47F7422-01AE-4B6D-BC6B-F3957987B7DA}.Debug|Any CPU.Build.0 = Debug|Any CPU
		{E47F7422-01AE-4B6D-BC6B-F3957987B7DA}.Release|Any CPU.ActiveCfg = Release|Any CPU
		{E47F7422-01AE-4B6D-BC6B-F3957987B7DA}.Release|Any CPU.Build.0 = Release|Any CPU
	EndGlobalSection
	GlobalSection(SolutionProperties) = preSolution
		HideSolutionNode = FALSE
	EndGlobalSection
	GlobalSection(ExtensibilityGlobals) = postSolution
		SolutionGuid = {F3DF6287-9565-40FB-9B69-A02B7976E679}
	EndGlobalSection
EndGlobal
